
Microsoft Visual Studio Solution File, Format Version 12.00
# Visual Studio 2012
Project("{FAE04EC0-301F-11D3-BF4B-00C04F79EFBC}") = "funcunit", "funcunit\functionaltestsnuget.csproj", "{AB39F06B-B5CF-417F-A2FB-8724A7727575}"
EndProject
Global
	GlobalSection(SolutionConfigurationPlatforms) = preSolution
		Debug|Any CPU = Debug|Any CPU
		Release|Any CPU = Release|Any CPU
	EndGlobalSection
	GlobalSection(ProjectConfigurationPlatforms) = postSolution
		{AB39F06B-B5CF-417F-A2FB-8724A7727575}.Debug|Any CPU.ActiveCfg = Debug|Any CPU
		{AB39F06B-B5CF-417F-A2FB-8724A7727575}.Debug|Any CPU.Build.0 = Debug|Any CPU
		{AB39F06B-B5CF-417F-A2FB-8724A7727575}.Release|Any CPU.ActiveCfg = Release|Any CPU
		{AB39F06B-B5CF-417F-A2FB-8724A7727575}.Release|Any CPU.Build.0 = Release|Any CPU
	EndGlobalSection
	GlobalSection(SolutionProperties) = preSolution
		HideSolutionNode = FALSE
	EndGlobalSection
EndGlobal
